
Microsoft Visual Studio Solution File, Format Version 12.00
# Visual Studio Version 17
VisualStudioVersion = 17.3.32825.248
MinimumVisualStudioVersion = 10.0.40219.1
Project("{FAE04EC0-301F-11D3-BF4B-00C04F79EFBC}") = "Calculator", "Calculator\Calculator.csproj", "{EFA10628-03F4-45B7-B5F3-E81C2F616D1F}"
EndProject
Global
	GlobalSection(SolutionConfigurationPlatforms) = preSolution
		Debug|Any CPU = Debug|Any CPU
		Release|Any CPU = Release|Any CPU
	EndGlobalSection
	GlobalSection(ProjectConfigurationPlatforms) = postSolution
		{EFA10628-03F4-45B7-B5F3-E81C2F616D1F}.Debug|Any CPU.ActiveCfg = Debug|Any CPU
		{EFA10628-03F4-45B7-B5F3-E81C2F616D1F}.Debug|Any CPU.Build.0 = Debug|Any CPU
		{EFA10628-03F4-45B7-B5F3-E81C2F616D1F}.Release|Any CPU.ActiveCfg = Release|Any CPU
		{EFA10628-03F4-45B7-B5F3-E81C2F616D1F}.Release|Any CPU.Build.0 = Release|Any CPU
	EndGlobalSection
	GlobalSection(SolutionProperties) = preSolution
		HideSolutionNode = FALSE
	EndGlobalSection
	GlobalSection(ExtensibilityGlobals) = postSolution
		SolutionGuid = {C74C98CD-0872-4E9F-91AD-A8EC814222E8}
	EndGlobalSection
EndGlobal
